
Microsoft Visual Studio Solution File, Format Version 12.00
# Visual Studio Version 17
VisualStudioVersion = 17.5.002.0
MinimumVisualStudioVersion = 10.0.40219.1
Project("{9A19103F-16F7-4668-BE54-9A1E7A4F7556}") = "AttendenceMark", "AttendenceMark.csproj", "{FD0AE12F-89BE-4EC0-8CB5-B1D801BF8F38}"
EndProject
Global
	GlobalSection(SolutionConfigurationPlatforms) = preSolution
		Debug|Any CPU = Debug|Any CPU
		Release|Any CPU = Release|Any CPU
	EndGlobalSection
	GlobalSection(ProjectConfigurationPlatforms) = postSolution
		{FD0AE12F-89BE-4EC0-8CB5-B1D801BF8F38}.Debug|Any CPU.ActiveCfg = Debug|Any CPU
		{FD0AE12F-89BE-4EC0-8CB5-B1D801BF8F38}.Debug|Any CPU.Build.0 = Debug|Any CPU
		{FD0AE12F-89BE-4EC0-8CB5-B1D801BF8F38}.Release|Any CPU.ActiveCfg = Release|Any CPU
		{FD0AE12F-89BE-4EC0-8CB5-B1D801BF8F38}.Release|Any CPU.Build.0 = Release|Any CPU
	EndGlobalSection
	GlobalSection(SolutionProperties) = preSolution
		HideSolutionNode = FALSE
	EndGlobalSection
	GlobalSection(ExtensibilityGlobals) = postSolution
		SolutionGuid = {3F55FB9E-E40C-4FF6-8859-156F68957D51}
	EndGlobalSection
EndGlobal
